
Microsoft Visual Studio Solution File, Format Version 12.00
# Visual Studio Version 16
VisualStudioVersion = 16.0.28803.352
MinimumVisualStudioVersion = 10.0.40219.1
Project("{9A19103F-16F7-4668-BE54-9A1E7A4F7556}") = "StreamDeckMidiPlugin2", "StreamDeckMidiPlugin2.csproj", "{585C47B2-DDAD-42AF-AC5D-725EEB91A96D}"
EndProject
Global
	GlobalSection(SolutionConfigurationPlatforms) = preSolution
		Debug|Any CPU = Debug|Any CPU
		Release|Any CPU = Release|Any CPU
	EndGlobalSection
	GlobalSection(ProjectConfigurationPlatforms) = postSolution
		{585C47B2-DDAD-42AF-AC5D-725EEB91A96D}.Debug|Any CPU.ActiveCfg = Debug|Any CPU
		{585C47B2-DDAD-42AF-AC5D-725EEB91A96D}.Debug|Any CPU.Build.0 = Debug|Any CPU
		{585C47B2-DDAD-42AF-AC5D-725EEB91A96D}.Release|Any CPU.ActiveCfg = Release|Any CPU
		{585C47B2-DDAD-42AF-AC5D-725EEB91A96D}.Release|Any CPU.Build.0 = Release|Any CPU
	EndGlobalSection
	GlobalSection(SolutionProperties) = preSolution
		HideSolutionNode = FALSE
	EndGlobalSection
	GlobalSection(ExtensibilityGlobals) = postSolution
		SolutionGuid = {B1DDD9E9-DD84-427F-A4EC-B2F738492C67}
	EndGlobalSection
EndGlobal
